# THIS IS AN AUTOGENERATED FILE. DO NOT EDIT THIS FILE DIRECTLY.
# yarn lockfile v1


performance-now@^2.1.0:
  version "2.1.0"
  resolved "https://registry.yarnpkg.com/performance-now/-/performance-now-2.1.0.tgz#6309f4e0e5fa913ec1c69307ae364b4b377c9e7b"

zone.js@^0.8.17:
  version "0.8.17"
  resolved "https://registry.yarnpkg.com/zone.js/-/zone.js-0.8.17.tgz#4c5e5185a857da8da793daf3919371c5a36b2a0b"
